// !$*UTF8*$!
{
	archiveVersion = 1;
	classes = {
	};
	objectVersion = 55;
	objects = {

/* Begin PBXBuildFile section */
		B8F4A7072A1538AA00C67328 /* AppDelegate.swift in Sources */ = {isa = PBXBuildFile; fileRef = B8F4A7062A1538AA00C67328 /* AppDelegate.swift */; };
		B8F4A7092A1538AA00C67328 /* SceneDelegate.swift in Sources */ = {isa = PBXBuildFile; fileRef = B8F4A7082A1538AA00C67328 /* SceneDelegate.swift */; };
		B8F4A70B2A1538AA00C67328 /* ViewController.swift in Sources */ = {isa = PBXBuildFile; fileRef = B8F4A70A2A1538AA00C67328 /* ViewController.swift */; };
		B8F4A70E2A1538AA00C67328 /* Main.storyboard in Resources */ = {isa = PBXBuildFile; fileRef = B8F4A70C2A1538AA00C67328 /* Main.storyboard */; };
		B8F4A7112A1538AA00C67328 /* NinaColeccionDeJuegos.xcdatamodeld in Sources */ = {isa = PBXBuildFile; fileRef = B8F4A70F2A1538AA00C67328 /* NinaColeccionDeJuegos.xcdatamodeld */; };
		B8F4A7132A1538AC00C67328 /* Assets.xcassets in Resources */ = {isa = PBXBuildFile; fileRef = B8F4A7122A1538AC00C67328 /* Assets.xcassets */; };
		B8F4A7162A1538AC00C67328 /* LaunchScreen.storyboard in Resources */ = {isa = PBXBuildFile; fileRef = B8F4A7142A1538AC00C67328 /* LaunchScreen.storyboard */; };
/* End PBXBuildFile section */

/* Begin PBXFileReference section */
		B8F4A7032A1538AA00C67328 /* NinaColeccionDeJuegos.app */ = {isa = PBXFileReference; explicitFileType = wrapper.application; includeInIndex = 0; path = NinaColeccionDeJuegos.app; sourceTree = BUILT_PRODUCTS_DIR; };
		B8F4A7062A1538AA00C67328 /* AppDelegate.swift */ = {isa = PBXFileReference; lastKnownFileType = sourcecode.swift; path = AppDelegate.swift; sourceTree = "<group>"; };
		B8F4A7082A1538AA00C67328 /* SceneDelegate.swift */ = {isa = PBXFileReference; lastKnownFileType = sourcecode.swift; path = SceneDelegate.swift; sourceTree = "<group>"; };
		B8F4A70A2A1538AA00C67328 /* ViewController.swift */ = {isa = PBXFileReference; lastKnownFileType = sourcecode.swift; path = ViewController.swift; sourceTree = "<group>"; };
		B8F4A70D2A1538AA00C67328 /* Base */ = {isa = PBXFileReference; lastKnownFileType = file.storyboard; name = Base; path = Base.lproj/Main.storyboard; sourceTree = "<group>"; };
		B8F4A7102A1538AA00C67328 /* NinaColeccionDeJuegos.xcdatamodel */ = {isa = PBXFileReference; lastKnownFileType = wrapper.xcdatamodel; path = NinaColeccionDeJuegos.xcdatamodel; sourceTree = "<group>"; };
		B8F4A7122A1538AC00C67328 /* Assets.xcassets */ = {isa = PBXFileReference; lastKnownFileType = folder.assetcatalog; path = Assets.xcassets; sourceTree = "<group>"; };
		B8F4A7152A1538AC00C67328 /* Base */ = {isa = PBXFileReference; lastKnownFileType = file.storyboard; name = Base; path = Base.lproj/LaunchScreen.storyboard; sourceTree = "<group>"; };
		B8F4A7172A1538AC00C67328 /* Info.plist */ = {isa = PBXFileReference; lastKnownFileType = text.plist.xml; path = Info.plist; sourceTree = "<group>"; };
/* End PBXFileReference section */

/* Begin PBXFrameworksBuildPhase section */
		B8F4A7002A1538AA00C67328 /* Frameworks */ = {
			isa = PBXFrameworksBuildPhase;
			buildActionMask = 2147483647;
			files = (
			);
			runOnlyForDeploymentPostprocessing = 0;
		};
/* End PBXFrameworksBuildPhase section */

/* Begin PBXGroup section */
		B8F4A6FA2A1538AA00C67328 = {
			isa = PBXGroup;
			children = (
				B8F4A7052A1538AA00C67328 /* NinaColeccionDeJuegos */,
				B8F4A7042A1538AA00C67328 /* Products */,
			);
			sourceTree = "<group>";
		};
		B8F4A7042A1538AA00C67328 /* Products */ = {
			isa = PBXGroup;
			children = (
				B8F4A7032A1538AA00C67328 /* NinaColeccionDeJuegos.app */,
			);
			name = Products;
			sourceTree = "<group>";
		};
		B8F4A7052A1538AA00C67328 /* NinaColeccionDeJuegos */ = {
			isa = PBXGroup;
			children = (
				B8F4A7062A1538AA00C67328 /* AppDelegate.swift */,
				B8F4A7082A1538AA00C67328 /* SceneDelegate.swift */,
				B8F4A70A2A1538AA00C67328 /* ViewController.swift */,
				B8F4A70C2A1538AA00C67328 /* Main.storyboard */,
				B8F4A7122A1538AC00C67328 /* Assets.xcassets */,
				B8F4A7142A1538AC00C67328 /* LaunchScreen.storyboard */,
				B8F4A7172A1538AC00C67328 /* Info.plist */,
				B8F4A70F2A1538AA00C67328 /* NinaColeccionDeJuegos.xcdatamodeld */,
			);
			path = NinaColeccionDeJuegos;
			sourceTree = "<group>";
		};
/* End PBXGroup section */

/* Begin PBXNativeTarget section */
		B8F4A7022A1538AA00C67328 /* NinaColeccionDeJuegos */ = {
			isa = PBXNativeTarget;
			buildConfigurationList = B8F4A71A2A1538AC00C67328 /* Build configuration list for PBXNativeTarget "NinaColeccionDeJuegos" */;
			buildPhases = (
				B8F4A6FF2A1538AA00C67328 /* Sources */,
				B8F4A7002A1538AA00C67328 /* Frameworks */,
				B8F4A7012A1538AA00C67328 /* Resources */,
			);
			buildRules = (
			);
			dependencies = (
			);
			name = NinaColeccionDeJuegos;
			productName = NinaColeccionDeJuegos;
			productReference = B8F4A7032A1538AA00C67328 /* NinaColeccionDeJuegos.app */;
			productType = "com.apple.product-type.application";
		};
/* End PBXNativeTarget section */

/* Begin PBXProject section */
		B8F4A6FB2A1538AA00C67328 /* Project object */ = {
			isa = PBXProject;
			attributes = {
				BuildIndependentTargetsInParallel = 1;
				LastSwiftUpdateCheck = 1340;
				LastUpgradeCheck = 1340;
				TargetAttributes = {
					B8F4A7022A1538AA00C67328 = {
						CreatedOnToolsVersion = 13.4.1;
					};
				};
			};
			buildConfigurationList = B8F4A6FE2A1538AA00C67328 /* Build configuration list for PBXProject "NinaColeccionDeJuegos" */;
			compatibilityVersion = "Xcode 13.0";
			developmentRegion = en;
			hasScannedForEncodings = 0;
			knownRegions = (
				en,
				Base,
			);
			mainGroup = B8F4A6FA2A1538AA00C67328;
			productRefGroup = B8F4A7042A1538AA00C67328 /* Products */;
			projectDirPath = "";
			projectRoot = "";
			targets = (
				B8F4A7022A1538AA00C67328 /* NinaColeccionDeJuegos */,
			);
		};
/* End PBXProject section */

/* Begin PBXResourcesBuildPhase section */
		B8F4A7012A1538AA00C67328 /* Resources */ = {
			isa = PBXResourcesBuildPhase;
			buildActionMask = 2147483647;
			files = (
				B8F4A7162A1538AC00C67328 /* LaunchScreen.storyboard in Resources */,
				B8F4A7132A1538AC00C67328 /* Assets.xcassets in Resources */,
				B8F4A70E2A1538AA00C67328 /* Main.storyboard in Resources */,
			);
			runOnlyForDeploymentPostprocessing = 0;
		};
/* End PBXResourcesBuildPhase section */

/* Begin PBXSourcesBuildPhase section */
		B8F4A6FF2A1538AA00C67328 /* Sources */ = {
			isa = PBXSourcesBuildPhase;
			buildActionMask = 2147483647;
			files = (
				B8F4A70B2A1538AA00C67328 /* ViewController.swift in Sources */,
				B8F4A7112A1538AA00C67328 /* NinaColeccionDeJuegos.xcdatamodeld in Sources */,
				B8F4A7072A1538AA00C67328 /* AppDelegate.swift in Sources */,
				B8F4A7092A1538AA00C67328 /* SceneDelegate.swift in Sources */,
			);
			runOnlyForDeploymentPostprocessing = 0;
		};
/* End PBXSourcesBuildPhase section */

/* Begin PBXVariantGroup section */
		B8F4A70C2A1538AA00C67328 /* Main.storyboard */ = {
			isa = PBXVariantGroup;
			children = (
				B8F4A70D2A1538AA00C67328 /* Base */,
			);
			name = Main.storyboard;
			sourceTree = "<group>";
		};
		B8F4A7142A1538AC00C67328 /* LaunchScreen.storyboard */ = {
			isa = PBXVariantGroup;
			children = (
				B8F4A7152A1538AC00C67328 /* Base */,
			);
			name = LaunchScreen.storyboard;
			sourceTree = "<group>";
		};
/* End PBXVariantGroup section */

/* Begin XCBuildConfiguration section */
		B8F4A7182A1538AC00C67328 /* Debug */ = {
			isa = XCBuildConfiguration;
			buildSettings = {
				ALWAYS_SEARCH_USER_PATHS = NO;
				CLANG_ANALYZER_NONNULL = YES;
				CLANG_ANALYZER_NUMBER_OBJECT_CONVERSION = YES_AGGRESSIVE;
				CLANG_CXX_LANGUAGE_STANDARD = "gnu++17";
				CLANG_ENABLE_MODULES = YES;
				CLANG_ENABLE_OBJC_ARC = YES;
				CLANG_ENABLE_OBJC_WEAK = YES;
				CLANG_WARN_BLOCK_CAPTURE_AUTORELEASING = YES;
				CLANG_WARN_BOOL_CONVERSION = YES;
				CLANG_WARN_COMMA = YES;
				CLANG_WARN_CONSTANT_CONVERSION = YES;
				CLANG_WARN_DEPRECATED_OBJC_IMPLEMENTATIONS = YES;
				CLANG_WARN_DIRECT_OBJC_ISA_USAGE = YES_ERROR;
				CLANG_WARN_DOCUMENTATION_COMMENTS = YES;
				CLANG_WARN_EMPTY_BODY = YES;
				CLANG_WARN_ENUM_CONVERSION = YES;
				CLANG_WARN_INFINITE_RECURSION = YES;
				CLANG_WARN_INT_CONVERSION = YES;
				CLANG_WARN_NON_LITERAL_NULL_CONVERSION = YES;
				CLANG_WARN_OBJC_IMPLICIT_RETAIN_SELF = YES;
				CLANG_WARN_OBJC_LITERAL_CONVERSION = YES;
				CLANG_WARN_OBJC_ROOT_CLASS = YES_ERROR;
				CLANG_WARN_QUOTED_INCLUDE_IN_FRAMEWORK_HEADER = YES;
				CLANG_WARN_RANGE_LOOP_ANALYSIS = YES;
				CLANG_WARN_STRICT_PROTOTYPES = YES;
				CLANG_WARN_SUSPICIOUS_MOVE = YES;
				CLANG_WARN_UNGUARDED_AVAILABILITY = YES_AGGRESSIVE;
				CLANG_WARN_UNREACHABLE_CODE = YES;
				CLANG_WARN__DUPLICATE_METHOD_MATCH = YES;
				COPY_PHASE_STRIP = NO;
				DEBUG_INFORMATION_FORMAT = dwarf;
				ENABLE_STRICT_OBJC_MSGSEND = YES;
				ENABLE_TESTABILITY = YES;
				GCC_C_LANGUAGE_STANDARD = gnu11;
				GCC_DYNAMIC_NO_PIC = NO;
				GCC_NO_COMMON_BLOCKS = YES;
				GCC_OPTIMIZATION_LEVEL = 0;
				GCC_PREPROCESSOR_DEFINITIONS = (
					"DEBUG=1",
					"$(inherited)",
				);
				GCC_WARN_64_TO_32_BIT_CONVERSION = YES;
				GCC_WARN_ABOUT_RETURN_TYPE = YES_ERROR;
				GCC_WARN_UNDECLARED_SELECTOR = YES;
				GCC_WARN_UNINITIALIZED_AUTOS = YES_AGGRESSIVE;
				GCC_WARN_UNUSED_FUNCTION = YES;
				GCC_WARN_UNUSED_VARIABLE = YES;
				IPHONEOS_DEPLOYMENT_TARGET = 15.5;
				MTL_ENABLE_DEBUG_INFO = INCLUDE_SOURCE;
				MTL_FAST_MATH = YES;
				ONLY_ACTIVE_ARCH = YES;
				SDKROOT = iphoneos;
				SWIFT_ACTIVE_COMPILATION_CONDITIONS = DEBUG;
				SWIFT_OPTIMIZATION_LEVEL = "-Onone";
			};
			name = Debug;
		};
		B8F4A7192A1538AC00C67328 /* Release */ = {
			isa = XCBuildConfiguration;
			buildSettings = {
				ALWAYS_SEARCH_USER_PATHS = NO;
				CLANG_ANALYZER_NONNULL = YES;
				CLANG_ANALYZER_NUMBER_OBJECT_CONVERSION = YES_AGGRESSIVE;
				CLANG_CXX_LANGUAGE_STANDARD = "gnu++17";
				CLANG_ENABLE_MODULES = YES;
				CLANG_ENABLE_OBJC_ARC = YES;
				CLANG_ENABLE_OBJC_WEAK = YES;
				CLANG_WARN_BLOCK_CAPTURE_AUTORELEASING = YES;
				CLANG_WARN_BOOL_CONVERSION = YES;
				CLANG_WARN_COMMA = YES;
				CLANG_WARN_CONSTANT_CONVERSION = YES;
				CLANG_WARN_DEPRECATED_OBJC_IMPLEMENTATIONS = YES;
				CLANG_WARN_DIRECT_OBJC_ISA_USAGE = YES_ERROR;
				CLANG_WARN_DOCUMENTATION_COMMENTS = YES;
				CLANG_WARN_EMPTY_BODY = YES;
				CLANG_WARN_ENUM_CONVERSION = YES;
				CLANG_WARN_INFINITE_RECURSION = YES;
				CLANG_WARN_INT_CONVERSION = YES;
				CLANG_WARN_NON_LITERAL_NULL_CONVERSION = YES;
				CLANG_WARN_OBJC_IMPLICIT_RETAIN_SELF = YES;
				CLANG_WARN_OBJC_LITERAL_CONVERSION = YES;
				CLANG_WARN_OBJC_ROOT_CLASS = YES_ERROR;
				CLANG_WARN_QUOTED_INCLUDE_IN_FRAMEWORK_HEADER = YES;
				CLANG_WARN_RANGE_LOOP_ANALYSIS = YES;
				CLANG_WARN_STRICT_PROTOTYPES = YES;
				CLANG_WARN_SUSPICIOUS_MOVE = YES;
				CLANG_WARN_UNGUARDED_AVAILABILITY = YES_AGGRESSIVE;
				CLANG_WARN_UNREACHABLE_CODE = YES;
				CLANG_WARN__DUPLICATE_METHOD_MATCH = YES;
				COPY_PHASE_STRIP = NO;
				DEBUG_INFORMATION_FORMAT = "dwarf-with-dsym";
				ENABLE_NS_ASSERTIONS = NO;
				ENABLE_STRICT_OBJC_MSGSEND = YES;
				GCC_C_LANGUAGE_STANDARD = gnu11;
				GCC_NO_COMMON_BLOCKS = YES;
				GCC_WARN_64_TO_32_BIT_CONVERSION = YES;
				GCC_WARN_ABOUT_RETURN_TYPE = YES_ERROR;
				GCC_WARN_UNDECLARED_SELECTOR = YES;
				GCC_WARN_UNINITIALIZED_AUTOS = YES_AGGRESSIVE;
				GCC_WARN_UNUSED_FUNCTION = YES;
				GCC_WARN_UNUSED_VARIABLE = YES;
				IPHONEOS_DEPLOYMENT_TARGET = 15.5;
				MTL_ENABLE_DEBUG_INFO = NO;
				MTL_FAST_MATH = YES;
				SDKROOT = iphoneos;
				SWIFT_COMPILATION_MODE = wholemodule;
				SWIFT_OPTIMIZATION_LEVEL = "-O";
				VALIDATE_PRODUCT = YES;
			};
			name = Release;
		};
		B8F4A71B2A1538AC00C67328 /* Debug */ = {
			isa = XCBuildConfiguration;
			buildSettings = {
				ASSETCATALOG_COMPILER_APPICON_NAME = AppIcon;
				ASSETCATALOG_COMPILER_GLOBAL_ACCENT_COLOR_NAME = AccentColor;
				CODE_SIGN_STYLE = Automatic;
				CURRENT_PROJECT_VERSION = 1;
				GENERATE_INFOPLIST_FILE = YES;
				INFOPLIST_FILE = NinaColeccionDeJuegos/Info.plist;
				INFOPLIST_KEY_UIApplicationSupportsIndirectInputEvents = YES;
				INFOPLIST_KEY_UILaunchStoryboardName = LaunchScreen;
				INFOPLIST_KEY_UIMainStoryboardFile = Main;
				INFOPLIST_KEY_UISupportedInterfaceOrientations_iPad = "UIInterfaceOrientationPortrait UIInterfaceOrientationPortraitUpsideDown UIInterfaceOrientationLandscapeLeft UIInterfaceOrientationLandscapeRight";
				INFOPLIST_KEY_UISupportedInterfaceOrientations_iPhone = "UIInterfaceOrientationPortrait UIInterfaceOrientationLandscapeLeft UIInterfaceOrientationLandscapeRight";
				LD_RUNPATH_SEARCH_PATHS = (
					"$(inherited)",
					"@executable_path/Frameworks",
				);
				MARKETING_VERSION = 1.0;
				PRODUCT_BUNDLE_IDENTIFIER = deah.com.NinaColeccionDeJuegos;
				PRODUCT_NAME = "$(TARGET_NAME)";
				SWIFT_EMIT_LOC_STRINGS = YES;
				SWIFT_VERSION = 5.0;
				TARGETED_DEVICE_FAMILY = "1,2";
			};
			name = Debug;
		};
		B8F4A71C2A1538AC00C67328 /* Release */ = {
			isa = XCBuildConfiguration;
			buildSettings = {
				ASSETCATALOG_COMPILER_APPICON_NAME = AppIcon;
				ASSETCATALOG_COMPILER_GLOBAL_ACCENT_COLOR_NAME = AccentColor;
				CODE_SIGN_STYLE = Automatic;
				CURRENT_PROJECT_VERSION = 1;
				GENERATE_INFOPLIST_FILE = YES;
				INFOPLIST_FILE = NinaColeccionDeJuegos/Info.plist;
				INFOPLIST_KEY_UIApplicationSupportsIndirectInputEvents = YES;
				INFOPLIST_KEY_UILaunchStoryboardName = LaunchScreen;
				INFOPLIST_KEY_UIMainStoryboardFile = Main;
				INFOPLIST_KEY_UISupportedInterfaceOrientations_iPad = "UIInterfaceOrientationPortrait UIInterfaceOrientationPortraitUpsideDown UIInterfaceOrientationLandscapeLeft UIInterfaceOrientationLandscapeRight";
				INFOPLIST_KEY_UISupportedInterfaceOrientations_iPhone = "UIInterfaceOrientationPortrait UIInterfaceOrientationLandscapeLeft UIInterfaceOrientationLandscapeRight";
				LD_RUNPATH_SEARCH_PATHS = (
					"$(inherited)",
					"@executable_path/Frameworks",
				);
				MARKETING_VERSION = 1.0;
				PRODUCT_BUNDLE_IDENTIFIER = deah.com.NinaColeccionDeJuegos;
				PRODUCT_NAME = "$(TARGET_NAME)";
				SWIFT_EMIT_LOC_STRINGS = YES;
				SWIFT_VERSION = 5.0;
				TARGETED_DEVICE_FAMILY = "1,2";
			};
			name = Release;
		};
/* End XCBuildConfiguration section */

/* Begin XCConfigurationList section */
		B8F4A6FE2A1538AA00C67328 /* Build configuration list for PBXProject "NinaColeccionDeJuegos" */ = {
			isa = XCConfigurationList;
			buildConfigurations = (
				B8F4A7182A1538AC00C67328 /* Debug */,
				B8F4A7192A1538AC00C67328 /* Release */,
			);
			defaultConfigurationIsVisible = 0;
			defaultConfigurationName = Release;
		};
		B8F4A71A2A1538AC00C67328 /* Build configuration list for PBXNativeTarget "NinaColeccionDeJuegos" */ = {
			isa = XCConfigurationList;
			buildConfigurations = (
				B8F4A71B2A1538AC00C67328 /* Debug */,
				B8F4A71C2A1538AC00C67328 /* Release */,
			);
			defaultConfigurationIsVisible = 0;
			defaultConfigurationName = Release;
		};
/* End XCConfigurationList section */

/* Begin XCVersionGroup section */
		B8F4A70F2A1538AA00C67328 /* NinaColeccionDeJuegos.xcdatamodeld */ = {
			isa = XCVersionGroup;
			children = (
				B8F4A7102A1538AA00C67328 /* NinaColeccionDeJuegos.xcdatamodel */,
			);
			currentVersion = B8F4A7102A1538AA00C67328 /* NinaColeccionDeJuegos.xcdatamodel */;
			path = NinaColeccionDeJuegos.xcdatamodeld;
			sourceTree = "<group>";
			versionGroupType = wrapper.xcdatamodel;
		};
/* End XCVersionGroup section */
	};
	rootObject = B8F4A6FB2A1538AA00C67328 /* Project object */;
}
